
Microsoft Visual Studio Solution File, Format Version 12.00
# Visual Studio Version 16
VisualStudioVersion = 16.0.29318.209
MinimumVisualStudioVersion = 10.0.40219.1
Project("{FAE04EC0-301F-11D3-BF4B-00C04F79EFBC}") = "Introduction", "Introduction\Introduction.csproj", "{3BC010D4-5C68-4886-BEF4-5120048E8F31}"
EndProject
Project("{FAE04EC0-301F-11D3-BF4B-00C04F79EFBC}") = "Features", "Features\Features.csproj", "{4048AC2A-8DC0-4923-83EF-2D628EF686ED}"
EndProject
Global
	GlobalSection(SolutionConfigurationPlatforms) = preSolution
		Debug|Any CPU = Debug|Any CPU
		Release|Any CPU = Release|Any CPU
	EndGlobalSection
	GlobalSection(ProjectConfigurationPlatforms) = postSolution
		{3BC010D4-5C68-4886-BEF4-5120048E8F31}.Debug|Any CPU.ActiveCfg = Debug|Any CPU
		{3BC010D4-5C68-4886-BEF4-5120048E8F31}.Debug|Any CPU.Build.0 = Debug|Any CPU
		{3BC010D4-5C68-4886-BEF4-5120048E8F31}.Release|Any CPU.ActiveCfg = Release|Any CPU
		{3BC010D4-5C68-4886-BEF4-5120048E8F31}.Release|Any CPU.Build.0 = Release|Any CPU
		{4048AC2A-8DC0-4923-83EF-2D628EF686ED}.Debug|Any CPU.ActiveCfg = Debug|Any CPU
		{4048AC2A-8DC0-4923-83EF-2D628EF686ED}.Debug|Any CPU.Build.0 = Debug|Any CPU
		{4048AC2A-8DC0-4923-83EF-2D628EF686ED}.Release|Any CPU.ActiveCfg = Release|Any CPU
		{4048AC2A-8DC0-4923-83EF-2D628EF686ED}.Release|Any CPU.Build.0 = Release|Any CPU
	EndGlobalSection
	GlobalSection(SolutionProperties) = preSolution
		HideSolutionNode = FALSE
	EndGlobalSection
	GlobalSection(ExtensibilityGlobals) = postSolution
		SolutionGuid = {80B849FD-2C95-443E-90D4-3B80D6C09C9B}
	EndGlobalSection
EndGlobal
